
Microsoft Visual Studio Solution File, Format Version 12.00
# Visual Studio 15
VisualStudioVersion = 15.0.28307.271
MinimumVisualStudioVersion = 10.0.40219.1
Project("{FAE04EC0-301F-11D3-BF4B-00C04F79EFBC}") = "BabyStore", "BabyStore\BabyStore.csproj", "{DBCAD7B3-EE41-4B57-B0B3-7642109145B2}"
EndProject
Global
	GlobalSection(SolutionConfigurationPlatforms) = preSolution
		Debug|Any CPU = Debug|Any CPU
		Release|Any CPU = Release|Any CPU
	EndGlobalSection
	GlobalSection(ProjectConfigurationPlatforms) = postSolution
		{DBCAD7B3-EE41-4B57-B0B3-7642109145B2}.Debug|Any CPU.ActiveCfg = Debug|Any CPU
		{DBCAD7B3-EE41-4B57-B0B3-7642109145B2}.Debug|Any CPU.Build.0 = Debug|Any CPU
		{DBCAD7B3-EE41-4B57-B0B3-7642109145B2}.Release|Any CPU.ActiveCfg = Release|Any CPU
		{DBCAD7B3-EE41-4B57-B0B3-7642109145B2}.Release|Any CPU.Build.0 = Release|Any CPU
	EndGlobalSection
	GlobalSection(SolutionProperties) = preSolution
		HideSolutionNode = FALSE
	EndGlobalSection
	GlobalSection(ExtensibilityGlobals) = postSolution
		SolutionGuid = {17A59F45-DFBB-40C6-898D-5F279D1B8A1C}
	EndGlobalSection
EndGlobal
